// !$*UTF8*$!
{
	archiveVersion = 1;
	classes = {
	};
	objectVersion = 56;
	objects = {

/* Begin PBXBuildFile section */
		F70B1A202C68CE6700B9029F /* WhatsappChatsInputGroup.swift in Sources */ = {isa = PBXBuildFile; fileRef = F70B1A1F2C68CE6700B9029F /* WhatsappChatsInputGroup.swift */; };
		F70B1A222C68D37900B9029F /* WhatsappRoomChatView.swift in Sources */ = {isa = PBXBuildFile; fileRef = F70B1A212C68D37900B9029F /* WhatsappRoomChatView.swift */; };
		F70EABA32C636246005B335E /* WhatsappArchivedChatsView.swift in Sources */ = {isa = PBXBuildFile; fileRef = F70EABA22C636246005B335E /* WhatsappArchivedChatsView.swift */; };
		F70EABA82C636EC0005B335E /* WhatsappAppStorage.swift in Sources */ = {isa = PBXBuildFile; fileRef = F70EABA72C636EC0005B335E /* WhatsappAppStorage.swift */; };
		F734C1862C608F2600BA6FA3 /* WhatsappCallsViewModel.swift in Sources */ = {isa = PBXBuildFile; fileRef = F734C1852C608F2600BA6FA3 /* WhatsappCallsViewModel.swift */; };
		F734C1882C6099D000BA6FA3 /* WhatsappCallsDetailViewModel.swift in Sources */ = {isa = PBXBuildFile; fileRef = F734C1872C6099D000BA6FA3 /* WhatsappCallsDetailViewModel.swift */; };
		F734C18A2C60A91B00BA6FA3 /* WhatsappChatsModel.swift in Sources */ = {isa = PBXBuildFile; fileRef = F734C1892C60A91B00BA6FA3 /* WhatsappChatsModel.swift */; };
		F734C18C2C60AAC600BA6FA3 /* WhatsappChatItemComp.swift in Sources */ = {isa = PBXBuildFile; fileRef = F734C18B2C60AAC600BA6FA3 /* WhatsappChatItemComp.swift */; };
		F734C18F2C60CEAA00BA6FA3 /* WhatsappChatsViewModel.swift in Sources */ = {isa = PBXBuildFile; fileRef = F734C18E2C60CEAA00BA6FA3 /* WhatsappChatsViewModel.swift */; };
		F734C1912C613AEC00BA6FA3 /* WhatsappCameraComp.swift in Sources */ = {isa = PBXBuildFile; fileRef = F734C1902C613AEC00BA6FA3 /* WhatsappCameraComp.swift */; };
		F735D2B32C3F8C5500171003 /* WhatsappCommunitiesDetailView.swift in Sources */ = {isa = PBXBuildFile; fileRef = F735D2B22C3F8C5500171003 /* WhatsappCommunitiesDetailView.swift */; };
		F75FDD0D2C3BDDE30030B03B /* CommunitiesModel.swift in Sources */ = {isa = PBXBuildFile; fileRef = F75FDD0C2C3BDDE30030B03B /* CommunitiesModel.swift */; };
		F75FDD0F2C3BDECD0030B03B /* WhatsappCommunitiesView.swift in Sources */ = {isa = PBXBuildFile; fileRef = F75FDD0E2C3BDECD0030B03B /* WhatsappCommunitiesView.swift */; };
		F764F1C42C6AF8DB0012A45F /* WhatsappMessageListController.swift in Sources */ = {isa = PBXBuildFile; fileRef = F764F1C32C6AF8DB0012A45F /* WhatsappMessageListController.swift */; };
		F764F1C62C6AFDE00012A45F /* WhatsappMessageListView.swift in Sources */ = {isa = PBXBuildFile; fileRef = F764F1C52C6AFDE00012A45F /* WhatsappMessageListView.swift */; };
		F764F1C82C6B05110012A45F /* WhatsappMessageItemViewModel.swift in Sources */ = {isa = PBXBuildFile; fileRef = F764F1C72C6B05110012A45F /* WhatsappMessageItemViewModel.swift */; };
		F764F1CA2C6B05A60012A45F /* WhatsappBubbleTextView.swift in Sources */ = {isa = PBXBuildFile; fileRef = F764F1C92C6B05A60012A45F /* WhatsappBubbleTextView.swift */; };
		F764F1CC2C6B07000012A45F /* WhatsappBubbleTailView.swift in Sources */ = {isa = PBXBuildFile; fileRef = F764F1CB2C6B07000012A45F /* WhatsappBubbleTailView.swift */; };
		F764F1CE2C6B33E70012A45F /* WhatsappBubbleTailViewModifier.swift in Sources */ = {isa = PBXBuildFile; fileRef = F764F1CD2C6B33E70012A45F /* WhatsappBubbleTailViewModifier.swift */; };
		F764F1D02C6B53440012A45F /* WhatsappBubbleImageView.swift in Sources */ = {isa = PBXBuildFile; fileRef = F764F1CF2C6B53440012A45F /* WhatsappBubbleImageView.swift */; };
		F776BE5F2C379E8D00BB54C5 /* WhatsappApp.swift in Sources */ = {isa = PBXBuildFile; fileRef = F776BE5E2C379E8D00BB54C5 /* WhatsappApp.swift */; };
		F776BE612C379E8D00BB54C5 /* WhatsappMainView.swift in Sources */ = {isa = PBXBuildFile; fileRef = F776BE602C379E8D00BB54C5 /* WhatsappMainView.swift */; };
		F776BE632C379E8D00BB54C5 /* Item.swift in Sources */ = {isa = PBXBuildFile; fileRef = F776BE622C379E8D00BB54C5 /* Item.swift */; };
		F776BE652C379E8F00BB54C5 /* Assets.xcassets in Resources */ = {isa = PBXBuildFile; fileRef = F776BE642C379E8F00BB54C5 /* Assets.xcassets */; };
		F776BE682C379E8F00BB54C5 /* Preview Assets.xcassets in Resources */ = {isa = PBXBuildFile; fileRef = F776BE672C379E8F00BB54C5 /* Preview Assets.xcassets */; };
		F776BE722C379E8F00BB54C5 /* WhatsappTests.swift in Sources */ = {isa = PBXBuildFile; fileRef = F776BE712C379E8F00BB54C5 /* WhatsappTests.swift */; };
		F776BE7C2C379E8F00BB54C5 /* WhatsappUITests.swift in Sources */ = {isa = PBXBuildFile; fileRef = F776BE7B2C379E8F00BB54C5 /* WhatsappUITests.swift */; };
		F776BE7E2C379E8F00BB54C5 /* WhatsappUITestsLaunchTests.swift in Sources */ = {isa = PBXBuildFile; fileRef = F776BE7D2C379E8F00BB54C5 /* WhatsappUITestsLaunchTests.swift */; };
		F776BE942C379F7B00BB54C5 /* WhatsappUpdatesView.swift in Sources */ = {isa = PBXBuildFile; fileRef = F776BE932C379F7B00BB54C5 /* WhatsappUpdatesView.swift */; };
		F783243B2C648C6800C99D96 /* WhatsappChatsExample.swift in Sources */ = {isa = PBXBuildFile; fileRef = F783243A2C648C6800C99D96 /* WhatsappChatsExample.swift */; };
		F783F4BA2C65C75F006D6F0A /* WhatsappChatsV2View.swift in Sources */ = {isa = PBXBuildFile; fileRef = F783F4B92C65C75F006D6F0A /* WhatsappChatsV2View.swift */; };
		F784336E2C3854B00003E9CD /* WhatsappUpdatesViewModel.swift in Sources */ = {isa = PBXBuildFile; fileRef = F784336D2C3854B00003E9CD /* WhatsappUpdatesViewModel.swift */; };
		F78433702C3857550003E9CD /* WhatsappCallsView.swift in Sources */ = {isa = PBXBuildFile; fileRef = F784336F2C3857550003E9CD /* WhatsappCallsView.swift */; };
		F78433742C3857890003E9CD /* WhatsappChatsView.swift in Sources */ = {isa = PBXBuildFile; fileRef = F78433732C3857890003E9CD /* WhatsappChatsView.swift */; };
		F78433762C3857A00003E9CD /* WhatsappSettingsView.swift in Sources */ = {isa = PBXBuildFile; fileRef = F78433752C3857A00003E9CD /* WhatsappSettingsView.swift */; };
		F78433782C3863DA0003E9CD /* WhatsappUserList.swift in Sources */ = {isa = PBXBuildFile; fileRef = F78433772C3863DA0003E9CD /* WhatsappUserList.swift */; };
		F784337A2C3864400003E9CD /* WhatsappContactList.swift in Sources */ = {isa = PBXBuildFile; fileRef = F78433792C3864400003E9CD /* WhatsappContactList.swift */; };
		F784337C2C3865200003E9CD /* WhatsappStoriesStatusTitle.swift in Sources */ = {isa = PBXBuildFile; fileRef = F784337B2C3865200003E9CD /* WhatsappStoriesStatusTitle.swift */; };
		F784337E2C3865760003E9CD /* WhatsappChatList.swift in Sources */ = {isa = PBXBuildFile; fileRef = F784337D2C3865760003E9CD /* WhatsappChatList.swift */; };
		F78433802C3865E40003E9CD /* WhatsappUnfollowedChannelList.swift in Sources */ = {isa = PBXBuildFile; fileRef = F784337F2C3865E40003E9CD /* WhatsappUnfollowedChannelList.swift */; };
		F78433822C38680E0003E9CD /* WhatsappFindChannels.swift in Sources */ = {isa = PBXBuildFile; fileRef = F78433812C38680E0003E9CD /* WhatsappFindChannels.swift */; };
		F78433842C3868440003E9CD /* WhatsappSearchField.swift in Sources */ = {isa = PBXBuildFile; fileRef = F78433832C3868440003E9CD /* WhatsappSearchField.swift */; };
		F790531D2C6B7164007A4F07 /* WhatsappUIHelper.swift in Sources */ = {isa = PBXBuildFile; fileRef = F790531C2C6B7164007A4F07 /* WhatsappUIHelper.swift */; };
		F7A10FD72C4254B800E9F85C /* ChatModel.swift in Sources */ = {isa = PBXBuildFile; fileRef = F7A10FD62C4254B800E9F85C /* ChatModel.swift */; };
		F7AE69C12C37EF2C007789EF /* WhatsappCornerRadius.swift in Sources */ = {isa = PBXBuildFile; fileRef = F7AE69C02C37EF2C007789EF /* WhatsappCornerRadius.swift */; };
		F7AE69C32C37F31E007789EF /* WhatsappUserStoryThumbnail.swift in Sources */ = {isa = PBXBuildFile; fileRef = F7AE69C22C37F31E007789EF /* WhatsappUserStoryThumbnail.swift */; };
		F7CBBDC92C5F0D7F0039B508 /* MainViewModel.swift in Sources */ = {isa = PBXBuildFile; fileRef = F7CBBDC82C5F0D7F0039B508 /* MainViewModel.swift */; };
		F7CBBDCB2C5F0EC40039B508 /* WhatsappMainTabModel.swift in Sources */ = {isa = PBXBuildFile; fileRef = F7CBBDCA2C5F0EC40039B508 /* WhatsappMainTabModel.swift */; };
		F7CBBDCD2C5F12AB0039B508 /* WhatsappUpdatesItemModel.swift in Sources */ = {isa = PBXBuildFile; fileRef = F7CBBDCC2C5F12AB0039B508 /* WhatsappUpdatesItemModel.swift */; };
		F7E3F72A2C3A89C700D9D6CB /* WhatsappContactViewTopPart.swift in Sources */ = {isa = PBXBuildFile; fileRef = F7E3F7292C3A89C700D9D6CB /* WhatsappContactViewTopPart.swift */; };
		F7E3F72C2C3A8F0400D9D6CB /* WhatsappContactDetailsListComp.swift in Sources */ = {isa = PBXBuildFile; fileRef = F7E3F72B2C3A8F0400D9D6CB /* WhatsappContactDetailsListComp.swift */; };
		F7FD21FC2C3902230069B93D /* WhatsappFindChannelsViewModel.swift in Sources */ = {isa = PBXBuildFile; fileRef = F7FD21FB2C3902230069B93D /* WhatsappFindChannelsViewModel.swift */; };
		F7FD21FE2C3934720069B93D /* WhatsappCallsCreateLink.swift in Sources */ = {isa = PBXBuildFile; fileRef = F7FD21FD2C3934720069B93D /* WhatsappCallsCreateLink.swift */; };
		F7FD22002C3935B60069B93D /* WhatsappCallsList.swift in Sources */ = {isa = PBXBuildFile; fileRef = F7FD21FF2C3935B60069B93D /* WhatsappCallsList.swift */; };
		F7FD22022C3936EE0069B93D /* WhatsappCalls.swift in Sources */ = {isa = PBXBuildFile; fileRef = F7FD22012C3936EE0069B93D /* WhatsappCalls.swift */; };
		F7FD22052C396D520069B93D /* WhatsappCallsDetailView.swift in Sources */ = {isa = PBXBuildFile; fileRef = F7FD22042C396D520069B93D /* WhatsappCallsDetailView.swift */; };
/* End PBXBuildFile section */

/* Begin PBXContainerItemProxy section */
		F776BE6E2C379E8F00BB54C5 /* PBXContainerItemProxy */ = {
			isa = PBXContainerItemProxy;
			containerPortal = F776BE532C379E8D00BB54C5 /* Project object */;
			proxyType = 1;
			remoteGlobalIDString = F776BE5A2C379E8D00BB54C5;
			remoteInfo = Whatsapp;
		};
		F776BE782C379E8F00BB54C5 /* PBXContainerItemProxy */ = {
			isa = PBXContainerItemProxy;
			containerPortal = F776BE532C379E8D00BB54C5 /* Project object */;
			proxyType = 1;
			remoteGlobalIDString = F776BE5A2C379E8D00BB54C5;
			remoteInfo = Whatsapp;
		};
/* End PBXContainerItemProxy section */

/* Begin PBXFileReference section */
		F70B1A1F2C68CE6700B9029F /* WhatsappChatsInputGroup.swift */ = {isa = PBXFileReference; lastKnownFileType = sourcecode.swift; path = WhatsappChatsInputGroup.swift; sourceTree = "<group>"; };
		F70B1A212C68D37900B9029F /* WhatsappRoomChatView.swift */ = {isa = PBXFileReference; lastKnownFileType = sourcecode.swift; path = WhatsappRoomChatView.swift; sourceTree = "<group>"; };
		F70EABA22C636246005B335E /* WhatsappArchivedChatsView.swift */ = {isa = PBXFileReference; lastKnownFileType = sourcecode.swift; path = WhatsappArchivedChatsView.swift; sourceTree = "<group>"; };
		F70EABA72C636EC0005B335E /* WhatsappAppStorage.swift */ = {isa = PBXFileReference; lastKnownFileType = sourcecode.swift; path = WhatsappAppStorage.swift; sourceTree = "<group>"; };
		F734C1852C608F2600BA6FA3 /* WhatsappCallsViewModel.swift */ = {isa = PBXFileReference; lastKnownFileType = sourcecode.swift; path = WhatsappCallsViewModel.swift; sourceTree = "<group>"; };
		F734C1872C6099D000BA6FA3 /* WhatsappCallsDetailViewModel.swift */ = {isa = PBXFileReference; lastKnownFileType = sourcecode.swift; path = WhatsappCallsDetailViewModel.swift; sourceTree = "<group>"; };
		F734C1892C60A91B00BA6FA3 /* WhatsappChatsModel.swift */ = {isa = PBXFileReference; lastKnownFileType = sourcecode.swift; path = WhatsappChatsModel.swift; sourceTree = "<group>"; };
		F734C18B2C60AAC600BA6FA3 /* WhatsappChatItemComp.swift */ = {isa = PBXFileReference; lastKnownFileType = sourcecode.swift; path = WhatsappChatItemComp.swift; sourceTree = "<group>"; };
		F734C18E2C60CEAA00BA6FA3 /* WhatsappChatsViewModel.swift */ = {isa = PBXFileReference; lastKnownFileType = sourcecode.swift; path = WhatsappChatsViewModel.swift; sourceTree = "<group>"; };
		F734C1902C613AEC00BA6FA3 /* WhatsappCameraComp.swift */ = {isa = PBXFileReference; lastKnownFileType = sourcecode.swift; path = WhatsappCameraComp.swift; sourceTree = "<group>"; };
		F735D2B22C3F8C5500171003 /* WhatsappCommunitiesDetailView.swift */ = {isa = PBXFileReference; lastKnownFileType = sourcecode.swift; path = WhatsappCommunitiesDetailView.swift; sourceTree = "<group>"; };
		F75FDD0C2C3BDDE30030B03B /* CommunitiesModel.swift */ = {isa = PBXFileReference; lastKnownFileType = sourcecode.swift; path = CommunitiesModel.swift; sourceTree = "<group>"; };
		F75FDD0E2C3BDECD0030B03B /* WhatsappCommunitiesView.swift */ = {isa = PBXFileReference; lastKnownFileType = sourcecode.swift; path = WhatsappCommunitiesView.swift; sourceTree = "<group>"; };
		F764F1C32C6AF8DB0012A45F /* WhatsappMessageListController.swift */ = {isa = PBXFileReference; lastKnownFileType = sourcecode.swift; path = WhatsappMessageListController.swift; sourceTree = "<group>"; };
		F764F1C52C6AFDE00012A45F /* WhatsappMessageListView.swift */ = {isa = PBXFileReference; lastKnownFileType = sourcecode.swift; path = WhatsappMessageListView.swift; sourceTree = "<group>"; };
		F764F1C72C6B05110012A45F /* WhatsappMessageItemViewModel.swift */ = {isa = PBXFileReference; lastKnownFileType = sourcecode.swift; path = WhatsappMessageItemViewModel.swift; sourceTree = "<group>"; };
		F764F1C92C6B05A60012A45F /* WhatsappBubbleTextView.swift */ = {isa = PBXFileReference; lastKnownFileType = sourcecode.swift; path = WhatsappBubbleTextView.swift; sourceTree = "<group>"; };
		F764F1CB2C6B07000012A45F /* WhatsappBubbleTailView.swift */ = {isa = PBXFileReference; lastKnownFileType = sourcecode.swift; path = WhatsappBubbleTailView.swift; sourceTree = "<group>"; };
		F764F1CD2C6B33E70012A45F /* WhatsappBubbleTailViewModifier.swift */ = {isa = PBXFileReference; lastKnownFileType = sourcecode.swift; path = WhatsappBubbleTailViewModifier.swift; sourceTree = "<group>"; };
		F764F1CF2C6B53440012A45F /* WhatsappBubbleImageView.swift */ = {isa = PBXFileReference; lastKnownFileType = sourcecode.swift; path = WhatsappBubbleImageView.swift; sourceTree = "<group>"; };
		F776BE5B2C379E8D00BB54C5 /* Whatsapp.app */ = {isa = PBXFileReference; explicitFileType = wrapper.application; includeInIndex = 0; path = Whatsapp.app; sourceTree = BUILT_PRODUCTS_DIR; };
		F776BE5E2C379E8D00BB54C5 /* WhatsappApp.swift */ = {isa = PBXFileReference; lastKnownFileType = sourcecode.swift; path = WhatsappApp.swift; sourceTree = "<group>"; };
		F776BE602C379E8D00BB54C5 /* WhatsappMainView.swift */ = {isa = PBXFileReference; lastKnownFileType = sourcecode.swift; path = WhatsappMainView.swift; sourceTree = "<group>"; };
		F776BE622C379E8D00BB54C5 /* Item.swift */ = {isa = PBXFileReference; lastKnownFileType = sourcecode.swift; path = Item.swift; sourceTree = "<group>"; };
		F776BE642C379E8F00BB54C5 /* Assets.xcassets */ = {isa = PBXFileReference; lastKnownFileType = folder.assetcatalog; path = Assets.xcassets; sourceTree = "<group>"; };
		F776BE672C379E8F00BB54C5 /* Preview Assets.xcassets */ = {isa = PBXFileReference; lastKnownFileType = folder.assetcatalog; path = "Preview Assets.xcassets"; sourceTree = "<group>"; };
		F776BE6D2C379E8F00BB54C5 /* WhatsappTests.xctest */ = {isa = PBXFileReference; explicitFileType = wrapper.cfbundle; includeInIndex = 0; path = WhatsappTests.xctest; sourceTree = BUILT_PRODUCTS_DIR; };
		F776BE712C379E8F00BB54C5 /* WhatsappTests.swift */ = {isa = PBXFileReference; lastKnownFileType = sourcecode.swift; path = WhatsappTests.swift; sourceTree = "<group>"; };
		F776BE772C379E8F00BB54C5 /* WhatsappUITests.xctest */ = {isa = PBXFileReference; explicitFileType = wrapper.cfbundle; includeInIndex = 0; path = WhatsappUITests.xctest; sourceTree = BUILT_PRODUCTS_DIR; };
		F776BE7B2C379E8F00BB54C5 /* WhatsappUITests.swift */ = {isa = PBXFileReference; lastKnownFileType = sourcecode.swift; path = WhatsappUITests.swift; sourceTree = "<group>"; };
		F776BE7D2C379E8F00BB54C5 /* WhatsappUITestsLaunchTests.swift */ = {isa = PBXFileReference; lastKnownFileType = sourcecode.swift; path = WhatsappUITestsLaunchTests.swift; sourceTree = "<group>"; };
		F776BE932C379F7B00BB54C5 /* WhatsappUpdatesView.swift */ = {isa = PBXFileReference; lastKnownFileType = sourcecode.swift; path = WhatsappUpdatesView.swift; sourceTree = "<group>"; };
		F783243A2C648C6800C99D96 /* WhatsappChatsExample.swift */ = {isa = PBXFileReference; lastKnownFileType = sourcecode.swift; path = WhatsappChatsExample.swift; sourceTree = "<group>"; };
		F783F4B92C65C75F006D6F0A /* WhatsappChatsV2View.swift */ = {isa = PBXFileReference; lastKnownFileType = sourcecode.swift; path = WhatsappChatsV2View.swift; sourceTree = "<group>"; };
		F784336D2C3854B00003E9CD /* WhatsappUpdatesViewModel.swift */ = {isa = PBXFileReference; lastKnownFileType = sourcecode.swift; path = WhatsappUpdatesViewModel.swift; sourceTree = "<group>"; };
		F784336F2C3857550003E9CD /* WhatsappCallsView.swift */ = {isa = PBXFileReference; lastKnownFileType = sourcecode.swift; path = WhatsappCallsView.swift; sourceTree = "<group>"; };
		F78433732C3857890003E9CD /* WhatsappChatsView.swift */ = {isa = PBXFileReference; lastKnownFileType = sourcecode.swift; path = WhatsappChatsView.swift; sourceTree = "<group>"; };
		F78433752C3857A00003E9CD /* WhatsappSettingsView.swift */ = {isa = PBXFileReference; lastKnownFileType = sourcecode.swift; path = WhatsappSettingsView.swift; sourceTree = "<group>"; };
		F78433772C3863DA0003E9CD /* WhatsappUserList.swift */ = {isa = PBXFileReference; lastKnownFileType = sourcecode.swift; path = WhatsappUserList.swift; sourceTree = "<group>"; };
		F78433792C3864400003E9CD /* WhatsappContactList.swift */ = {isa = PBXFileReference; lastKnownFileType = sourcecode.swift; path = WhatsappContactList.swift; sourceTree = "<group>"; };
		F784337B2C3865200003E9CD /* WhatsappStoriesStatusTitle.swift */ = {isa = PBXFileReference; lastKnownFileType = sourcecode.swift; path = WhatsappStoriesStatusTitle.swift; sourceTree = "<group>"; };
		F784337D2C3865760003E9CD /* WhatsappChatList.swift */ = {isa = PBXFileReference; lastKnownFileType = sourcecode.swift; path = WhatsappChatList.swift; sourceTree = "<group>"; };
		F784337F2C3865E40003E9CD /* WhatsappUnfollowedChannelList.swift */ = {isa = PBXFileReference; lastKnownFileType = sourcecode.swift; path = WhatsappUnfollowedChannelList.swift; sourceTree = "<group>"; };
		F78433812C38680E0003E9CD /* WhatsappFindChannels.swift */ = {isa = PBXFileReference; lastKnownFileType = sourcecode.swift; path = WhatsappFindChannels.swift; sourceTree = "<group>"; };
		F78433832C3868440003E9CD /* WhatsappSearchField.swift */ = {isa = PBXFileReference; lastKnownFileType = sourcecode.swift; path = WhatsappSearchField.swift; sourceTree = "<group>"; };
		F790531C2C6B7164007A4F07 /* WhatsappUIHelper.swift */ = {isa = PBXFileReference; lastKnownFileType = sourcecode.swift; path = WhatsappUIHelper.swift; sourceTree = "<group>"; };
		F7A10FD62C4254B800E9F85C /* ChatModel.swift */ = {isa = PBXFileReference; lastKnownFileType = sourcecode.swift; path = ChatModel.swift; sourceTree = "<group>"; };
		F7AE69C02C37EF2C007789EF /* WhatsappCornerRadius.swift */ = {isa = PBXFileReference; lastKnownFileType = sourcecode.swift; path = WhatsappCornerRadius.swift; sourceTree = "<group>"; };
		F7AE69C22C37F31E007789EF /* WhatsappUserStoryThumbnail.swift */ = {isa = PBXFileReference; lastKnownFileType = sourcecode.swift; path = WhatsappUserStoryThumbnail.swift; sourceTree = "<group>"; };
		F7CBBDC82C5F0D7F0039B508 /* MainViewModel.swift */ = {isa = PBXFileReference; lastKnownFileType = sourcecode.swift; path = MainViewModel.swift; sourceTree = "<group>"; };
		F7CBBDCA2C5F0EC40039B508 /* WhatsappMainTabModel.swift */ = {isa = PBXFileReference; lastKnownFileType = sourcecode.swift; path = WhatsappMainTabModel.swift; sourceTree = "<group>"; };
		F7CBBDCC2C5F12AB0039B508 /* WhatsappUpdatesItemModel.swift */ = {isa = PBXFileReference; lastKnownFileType = sourcecode.swift; path = WhatsappUpdatesItemModel.swift; sourceTree = "<group>"; };
		F7E3F7292C3A89C700D9D6CB /* WhatsappContactViewTopPart.swift */ = {isa = PBXFileReference; lastKnownFileType = sourcecode.swift; path = WhatsappContactViewTopPart.swift; sourceTree = "<group>"; };
		F7E3F72B2C3A8F0400D9D6CB /* WhatsappContactDetailsListComp.swift */ = {isa = PBXFileReference; lastKnownFileType = sourcecode.swift; path = WhatsappContactDetailsListComp.swift; sourceTree = "<group>"; };
		F7FD21FB2C3902230069B93D /* WhatsappFindChannelsViewModel.swift */ = {isa = PBXFileReference; lastKnownFileType = sourcecode.swift; path = WhatsappFindChannelsViewModel.swift; sourceTree = "<group>"; };
		F7FD21FD2C3934720069B93D /* WhatsappCallsCreateLink.swift */ = {isa = PBXFileReference; lastKnownFileType = sourcecode.swift; path = WhatsappCallsCreateLink.swift; sourceTree = "<group>"; };
		F7FD21FF2C3935B60069B93D /* WhatsappCallsList.swift */ = {isa = PBXFileReference; lastKnownFileType = sourcecode.swift; path = WhatsappCallsList.swift; sourceTree = "<group>"; };
		F7FD22012C3936EE0069B93D /* WhatsappCalls.swift */ = {isa = PBXFileReference; lastKnownFileType = sourcecode.swift; path = WhatsappCalls.swift; sourceTree = "<group>"; };
		F7FD22042C396D520069B93D /* WhatsappCallsDetailView.swift */ = {isa = PBXFileReference; lastKnownFileType = sourcecode.swift; path = WhatsappCallsDetailView.swift; sourceTree = "<group>"; };
/* End PBXFileReference section */

/* Begin PBXFrameworksBuildPhase section */
		F776BE582C379E8D00BB54C5 /* Frameworks */ = {
			isa = PBXFrameworksBuildPhase;
			buildActionMask = 2147483647;
			files = (
			);
			runOnlyForDeploymentPostprocessing = 0;
		};
		F776BE6A2C379E8F00BB54C5 /* Frameworks */ = {
			isa = PBXFrameworksBuildPhase;
			buildActionMask = 2147483647;
			files = (
			);
			runOnlyForDeploymentPostprocessing = 0;
		};
		F776BE742C379E8F00BB54C5 /* Frameworks */ = {
			isa = PBXFrameworksBuildPhase;
			buildActionMask = 2147483647;
			files = (
			);
			runOnlyForDeploymentPostprocessing = 0;
		};
/* End PBXFrameworksBuildPhase section */

/* Begin PBXGroup section */
		F70EABA42C636EA3005B335E /* Storage */ = {
			isa = PBXGroup;
			children = (
				F70EABA72C636EC0005B335E /* WhatsappAppStorage.swift */,
			);
			path = Storage;
			sourceTree = "<group>";
		};
		F734C1842C608F1200BA6FA3 /* viewModels */ = {
			isa = PBXGroup;
			children = (
				F734C1852C608F2600BA6FA3 /* WhatsappCallsViewModel.swift */,
				F734C1872C6099D000BA6FA3 /* WhatsappCallsDetailViewModel.swift */,
			);
			path = viewModels;
			sourceTree = "<group>";
		};
		F734C18D2C60CE9500BA6FA3 /* viewModels */ = {
			isa = PBXGroup;
			children = (
				F734C18E2C60CEAA00BA6FA3 /* WhatsappChatsViewModel.swift */,
				F764F1C72C6B05110012A45F /* WhatsappMessageItemViewModel.swift */,
			);
			path = viewModels;
			sourceTree = "<group>";
		};
		F776BE522C379E8D00BB54C5 = {
			isa = PBXGroup;
			children = (
				F776BE5D2C379E8D00BB54C5 /* Whatsapp */,
				F776BE702C379E8F00BB54C5 /* WhatsappTests */,
				F776BE7A2C379E8F00BB54C5 /* WhatsappUITests */,
				F776BE5C2C379E8D00BB54C5 /* Products */,
			);
			sourceTree = "<group>";
		};
		F776BE5C2C379E8D00BB54C5 /* Products */ = {
			isa = PBXGroup;
			children = (
				F776BE5B2C379E8D00BB54C5 /* Whatsapp.app */,
				F776BE6D2C379E8F00BB54C5 /* WhatsappTests.xctest */,
				F776BE772C379E8F00BB54C5 /* WhatsappUITests.xctest */,
			);
			name = Products;
			sourceTree = "<group>";
		};
		F776BE5D2C379E8D00BB54C5 /* Whatsapp */ = {
			isa = PBXGroup;
			children = (
				F70EABA42C636EA3005B335E /* Storage */,
				F7AE69BF2C37EF23007789EF /* Components */,
				F776BE8D2C379F2200BB54C5 /* Util */,
				F776BE8C2C379F1A00BB54C5 /* Services */,
				F776BE8B2C379F1500BB54C5 /* Models */,
				F776BE8A2C379F0F00BB54C5 /* Screens */,
				F776BE5E2C379E8D00BB54C5 /* WhatsappApp.swift */,
				F776BE602C379E8D00BB54C5 /* WhatsappMainView.swift */,
				F776BE622C379E8D00BB54C5 /* Item.swift */,
				F776BE642C379E8F00BB54C5 /* Assets.xcassets */,
				F776BE662C379E8F00BB54C5 /* Preview Content */,
				F7CBBDC82C5F0D7F0039B508 /* MainViewModel.swift */,
			);
			path = Whatsapp;
			sourceTree = "<group>";
		};
		F776BE662C379E8F00BB54C5 /* Preview Content */ = {
			isa = PBXGroup;
			children = (
				F776BE672C379E8F00BB54C5 /* Preview Assets.xcassets */,
			);
			path = "Preview Content";
			sourceTree = "<group>";
		};
		F776BE702C379E8F00BB54C5 /* WhatsappTests */ = {
			isa = PBXGroup;
			children = (
				F776BE712C379E8F00BB54C5 /* WhatsappTests.swift */,
			);
			path = WhatsappTests;
			sourceTree = "<group>";
		};
		F776BE7A2C379E8F00BB54C5 /* WhatsappUITests */ = {
			isa = PBXGroup;
			children = (
				F776BE7B2C379E8F00BB54C5 /* WhatsappUITests.swift */,
				F776BE7D2C379E8F00BB54C5 /* WhatsappUITestsLaunchTests.swift */,
			);
			path = WhatsappUITests;
			sourceTree = "<group>";
		};
		F776BE8A2C379F0F00BB54C5 /* Screens */ = {
			isa = PBXGroup;
			children = (
				F776BE922C379F5D00BB54C5 /* Settings */,
				F776BE912C379F5800BB54C5 /* Chats */,
				F776BE902C379F5100BB54C5 /* Communities */,
				F776BE8F2C379F4900BB54C5 /* Calls */,
				F776BE8E2C379F4200BB54C5 /* Updates */,
			);
			path = Screens;
			sourceTree = "<group>";
		};
		F776BE8B2C379F1500BB54C5 /* Models */ = {
			isa = PBXGroup;
			children = (
				F7FD22012C3936EE0069B93D /* WhatsappCalls.swift */,
				F75FDD0C2C3BDDE30030B03B /* CommunitiesModel.swift */,
				F7A10FD62C4254B800E9F85C /* ChatModel.swift */,
				F7CBBDCA2C5F0EC40039B508 /* WhatsappMainTabModel.swift */,
				F7CBBDCC2C5F12AB0039B508 /* WhatsappUpdatesItemModel.swift */,
				F734C1892C60A91B00BA6FA3 /* WhatsappChatsModel.swift */,
			);
			path = Models;
			sourceTree = "<group>";
		};
		F776BE8C2C379F1A00BB54C5 /* Services */ = {
			isa = PBXGroup;
			children = (
			);
			path = Services;
			sourceTree = "<group>";
		};
		F776BE8D2C379F2200BB54C5 /* Util */ = {
			isa = PBXGroup;
			children = (
				F783243A2C648C6800C99D96 /* WhatsappChatsExample.swift */,
				F790531C2C6B7164007A4F07 /* WhatsappUIHelper.swift */,
			);
			path = Util;
			sourceTree = "<group>";
		};
		F776BE8E2C379F4200BB54C5 /* Updates */ = {
			isa = PBXGroup;
			children = (
				F784336C2C3854A50003E9CD /* ViewModel */,
				F776BE932C379F7B00BB54C5 /* WhatsappUpdatesView.swift */,
			);
			path = Updates;
			sourceTree = "<group>";
		};
		F776BE8F2C379F4900BB54C5 /* Calls */ = {
			isa = PBXGroup;
			children = (
				F734C1842C608F1200BA6FA3 /* viewModels */,
				F7FD22032C396D420069B93D /* Detail */,
				F784336F2C3857550003E9CD /* WhatsappCallsView.swift */,
			);
			path = Calls;
			sourceTree = "<group>";
		};
		F776BE902C379F5100BB54C5 /* Communities */ = {
			isa = PBXGroup;
			children = (
				F75FDD0E2C3BDECD0030B03B /* WhatsappCommunitiesView.swift */,
				F735D2B22C3F8C5500171003 /* WhatsappCommunitiesDetailView.swift */,
			);
			path = Communities;
			sourceTree = "<group>";
		};
		F776BE912C379F5800BB54C5 /* Chats */ = {
			isa = PBXGroup;
			children = (
				F734C18D2C60CE9500BA6FA3 /* viewModels */,
				F78433732C3857890003E9CD /* WhatsappChatsView.swift */,
				F70EABA22C636246005B335E /* WhatsappArchivedChatsView.swift */,
				F783F4B92C65C75F006D6F0A /* WhatsappChatsV2View.swift */,
				F70B1A212C68D37900B9029F /* WhatsappRoomChatView.swift */,
				F764F1C32C6AF8DB0012A45F /* WhatsappMessageListController.swift */,
				F764F1C52C6AFDE00012A45F /* WhatsappMessageListView.swift */,
			);
			path = Chats;
			sourceTree = "<group>";
		};
		F776BE922C379F5D00BB54C5 /* Settings */ = {
			isa = PBXGroup;
			children = (
				F78433752C3857A00003E9CD /* WhatsappSettingsView.swift */,
			);
			path = Settings;
			sourceTree = "<group>";
		};
		F784336C2C3854A50003E9CD /* ViewModel */ = {
			isa = PBXGroup;
			children = (
				F784336D2C3854B00003E9CD /* WhatsappUpdatesViewModel.swift */,
				F7FD21FB2C3902230069B93D /* WhatsappFindChannelsViewModel.swift */,
			);
			path = ViewModel;
			sourceTree = "<group>";
		};
		F7AE69BF2C37EF23007789EF /* Components */ = {
			isa = PBXGroup;
			children = (
				F7AE69C02C37EF2C007789EF /* WhatsappCornerRadius.swift */,
				F7AE69C22C37F31E007789EF /* WhatsappUserStoryThumbnail.swift */,
				F78433772C3863DA0003E9CD /* WhatsappUserList.swift */,
				F78433792C3864400003E9CD /* WhatsappContactList.swift */,
				F784337B2C3865200003E9CD /* WhatsappStoriesStatusTitle.swift */,
				F784337D2C3865760003E9CD /* WhatsappChatList.swift */,
				F784337F2C3865E40003E9CD /* WhatsappUnfollowedChannelList.swift */,
				F78433812C38680E0003E9CD /* WhatsappFindChannels.swift */,
				F78433832C3868440003E9CD /* WhatsappSearchField.swift */,
				F7FD21FD2C3934720069B93D /* WhatsappCallsCreateLink.swift */,
				F7FD21FF2C3935B60069B93D /* WhatsappCallsList.swift */,
				F7E3F7292C3A89C700D9D6CB /* WhatsappContactViewTopPart.swift */,
				F7E3F72B2C3A8F0400D9D6CB /* WhatsappContactDetailsListComp.swift */,
				F734C18B2C60AAC600BA6FA3 /* WhatsappChatItemComp.swift */,
				F734C1902C613AEC00BA6FA3 /* WhatsappCameraComp.swift */,
				F70B1A1F2C68CE6700B9029F /* WhatsappChatsInputGroup.swift */,
				F764F1C92C6B05A60012A45F /* WhatsappBubbleTextView.swift */,
				F764F1CB2C6B07000012A45F /* WhatsappBubbleTailView.swift */,
				F764F1CD2C6B33E70012A45F /* WhatsappBubbleTailViewModifier.swift */,
				F764F1CF2C6B53440012A45F /* WhatsappBubbleImageView.swift */,
			);
			path = Components;
			sourceTree = "<group>";
		};
		F7FD22032C396D420069B93D /* Detail */ = {
			isa = PBXGroup;
			children = (
				F7FD22042C396D520069B93D /* WhatsappCallsDetailView.swift */,
			);
			path = Detail;
			sourceTree = "<group>";
		};
/* End PBXGroup section */

/* Begin PBXNativeTarget section */
		F776BE5A2C379E8D00BB54C5 /* Whatsapp */ = {
			isa = PBXNativeTarget;
			buildConfigurationList = F776BE812C379E8F00BB54C5 /* Build configuration list for PBXNativeTarget "Whatsapp" */;
			buildPhases = (
				F776BE572C379E8D00BB54C5 /* Sources */,
				F776BE582C379E8D00BB54C5 /* Frameworks */,
				F776BE592C379E8D00BB54C5 /* Resources */,
			);
			buildRules = (
			);
			dependencies = (
			);
			name = Whatsapp;
			productName = Whatsapp;
			productReference = F776BE5B2C379E8D00BB54C5 /* Whatsapp.app */;
			productType = "com.apple.product-type.application";
		};
		F776BE6C2C379E8F00BB54C5 /* WhatsappTests */ = {
			isa = PBXNativeTarget;
			buildConfigurationList = F776BE842C379E8F00BB54C5 /* Build configuration list for PBXNativeTarget "WhatsappTests" */;
			buildPhases = (
				F776BE692C379E8F00BB54C5 /* Sources */,
				F776BE6A2C379E8F00BB54C5 /* Frameworks */,
				F776BE6B2C379E8F00BB54C5 /* Resources */,
			);
			buildRules = (
			);
			dependencies = (
				F776BE6F2C379E8F00BB54C5 /* PBXTargetDependency */,
			);
			name = WhatsappTests;
			productName = WhatsappTests;
			productReference = F776BE6D2C379E8F00BB54C5 /* WhatsappTests.xctest */;
			productType = "com.apple.product-type.bundle.unit-test";
		};
		F776BE762C379E8F00BB54C5 /* WhatsappUITests */ = {
			isa = PBXNativeTarget;
			buildConfigurationList = F776BE872C379E8F00BB54C5 /* Build configuration list for PBXNativeTarget "WhatsappUITests" */;
			buildPhases = (
				F776BE732C379E8F00BB54C5 /* Sources */,
				F776BE742C379E8F00BB54C5 /* Frameworks */,
				F776BE752C379E8F00BB54C5 /* Resources */,
			);
			buildRules = (
			);
			dependencies = (
				F776BE792C379E8F00BB54C5 /* PBXTargetDependency */,
			);
			name = WhatsappUITests;
			productName = WhatsappUITests;
			productReference = F776BE772C379E8F00BB54C5 /* WhatsappUITests.xctest */;
			productType = "com.apple.product-type.bundle.ui-testing";
		};
/* End PBXNativeTarget section */

/* Begin PBXProject section */
		F776BE532C379E8D00BB54C5 /* Project object */ = {
			isa = PBXProject;
			attributes = {
				BuildIndependentTargetsInParallel = 1;
				LastSwiftUpdateCheck = 1540;
				LastUpgradeCheck = 1540;
				TargetAttributes = {
					F776BE5A2C379E8D00BB54C5 = {
						CreatedOnToolsVersion = 15.4;
					};
					F776BE6C2C379E8F00BB54C5 = {
						CreatedOnToolsVersion = 15.4;
						TestTargetID = F776BE5A2C379E8D00BB54C5;
					};
					F776BE762C379E8F00BB54C5 = {
						CreatedOnToolsVersion = 15.4;
						TestTargetID = F776BE5A2C379E8D00BB54C5;
					};
				};
			};
			buildConfigurationList = F776BE562C379E8D00BB54C5 /* Build configuration list for PBXProject "Whatsapp" */;
			compatibilityVersion = "Xcode 14.0";
			developmentRegion = en;
			hasScannedForEncodings = 0;
			knownRegions = (
				en,
				Base,
			);
			mainGroup = F776BE522C379E8D00BB54C5;
			productRefGroup = F776BE5C2C379E8D00BB54C5 /* Products */;
			projectDirPath = "";
			projectRoot = "";
			targets = (
				F776BE5A2C379E8D00BB54C5 /* Whatsapp */,
				F776BE6C2C379E8F00BB54C5 /* WhatsappTests */,
				F776BE762C379E8F00BB54C5 /* WhatsappUITests */,
			);
		};
/* End PBXProject section */

/* Begin PBXResourcesBuildPhase section */
		F776BE592C379E8D00BB54C5 /* Resources */ = {
			isa = PBXResourcesBuildPhase;
			buildActionMask = 2147483647;
			files = (
				F776BE682C379E8F00BB54C5 /* Preview Assets.xcassets in Resources */,
				F776BE652C379E8F00BB54C5 /* Assets.xcassets in Resources */,
			);
			runOnlyForDeploymentPostprocessing = 0;
		};
		F776BE6B2C379E8F00BB54C5 /* Resources */ = {
			isa = PBXResourcesBuildPhase;
			buildActionMask = 2147483647;
			files = (
			);
			runOnlyForDeploymentPostprocessing = 0;
		};
		F776BE752C379E8F00BB54C5 /* Resources */ = {
			isa = PBXResourcesBuildPhase;
			buildActionMask = 2147483647;
			files = (
			);
			runOnlyForDeploymentPostprocessing = 0;
		};
/* End PBXResourcesBuildPhase section */

/* Begin PBXSourcesBuildPhase section */
		F776BE572C379E8D00BB54C5 /* Sources */ = {
			isa = PBXSourcesBuildPhase;
			buildActionMask = 2147483647;
			files = (
				F764F1CC2C6B07000012A45F /* WhatsappBubbleTailView.swift in Sources */,
				F7E3F72C2C3A8F0400D9D6CB /* WhatsappContactDetailsListComp.swift in Sources */,
				F78433762C3857A00003E9CD /* WhatsappSettingsView.swift in Sources */,
				F7FD21FE2C3934720069B93D /* WhatsappCallsCreateLink.swift in Sources */,
				F734C1882C6099D000BA6FA3 /* WhatsappCallsDetailViewModel.swift in Sources */,
				F7A10FD72C4254B800E9F85C /* ChatModel.swift in Sources */,
				F7AE69C12C37EF2C007789EF /* WhatsappCornerRadius.swift in Sources */,
				F7FD22002C3935B60069B93D /* WhatsappCallsList.swift in Sources */,
				F784337C2C3865200003E9CD /* WhatsappStoriesStatusTitle.swift in Sources */,
				F7FD21FC2C3902230069B93D /* WhatsappFindChannelsViewModel.swift in Sources */,
				F764F1D02C6B53440012A45F /* WhatsappBubbleImageView.swift in Sources */,
				F7CBBDC92C5F0D7F0039B508 /* MainViewModel.swift in Sources */,
				F734C18F2C60CEAA00BA6FA3 /* WhatsappChatsViewModel.swift in Sources */,
				F790531D2C6B7164007A4F07 /* WhatsappUIHelper.swift in Sources */,
				F7FD22052C396D520069B93D /* WhatsappCallsDetailView.swift in Sources */,
				F70B1A202C68CE6700B9029F /* WhatsappChatsInputGroup.swift in Sources */,
				F783243B2C648C6800C99D96 /* WhatsappChatsExample.swift in Sources */,
				F734C18C2C60AAC600BA6FA3 /* WhatsappChatItemComp.swift in Sources */,
				F70B1A222C68D37900B9029F /* WhatsappRoomChatView.swift in Sources */,
				F734C1912C613AEC00BA6FA3 /* WhatsappCameraComp.swift in Sources */,
				F70EABA32C636246005B335E /* WhatsappArchivedChatsView.swift in Sources */,
				F78433742C3857890003E9CD /* WhatsappChatsView.swift in Sources */,
				F784337A2C3864400003E9CD /* WhatsappContactList.swift in Sources */,
				F7CBBDCB2C5F0EC40039B508 /* WhatsappMainTabModel.swift in Sources */,
				F78433782C3863DA0003E9CD /* WhatsappUserList.swift in Sources */,
				F784336E2C3854B00003E9CD /* WhatsappUpdatesViewModel.swift in Sources */,
				F735D2B32C3F8C5500171003 /* WhatsappCommunitiesDetailView.swift in Sources */,
				F75FDD0F2C3BDECD0030B03B /* WhatsappCommunitiesView.swift in Sources */,
				F764F1CA2C6B05A60012A45F /* WhatsappBubbleTextView.swift in Sources */,
				F776BE612C379E8D00BB54C5 /* WhatsappMainView.swift in Sources */,
				F7AE69C32C37F31E007789EF /* WhatsappUserStoryThumbnail.swift in Sources */,
				F764F1C82C6B05110012A45F /* WhatsappMessageItemViewModel.swift in Sources */,
				F78433802C3865E40003E9CD /* WhatsappUnfollowedChannelList.swift in Sources */,
				F78433702C3857550003E9CD /* WhatsappCallsView.swift in Sources */,
				F764F1C62C6AFDE00012A45F /* WhatsappMessageListView.swift in Sources */,
				F70EABA82C636EC0005B335E /* WhatsappAppStorage.swift in Sources */,
				F764F1CE2C6B33E70012A45F /* WhatsappBubbleTailViewModifier.swift in Sources */,
				F75FDD0D2C3BDDE30030B03B /* CommunitiesModel.swift in Sources */,
				F7E3F72A2C3A89C700D9D6CB /* WhatsappContactViewTopPart.swift in Sources */,
				F7FD22022C3936EE0069B93D /* WhatsappCalls.swift in Sources */,
				F734C18A2C60A91B00BA6FA3 /* WhatsappChatsModel.swift in Sources */,
				F776BE942C379F7B00BB54C5 /* WhatsappUpdatesView.swift in Sources */,
				F784337E2C3865760003E9CD /* WhatsappChatList.swift in Sources */,
				F734C1862C608F2600BA6FA3 /* WhatsappCallsViewModel.swift in Sources */,
				F78433842C3868440003E9CD /* WhatsappSearchField.swift in Sources */,
				F78433822C38680E0003E9CD /* WhatsappFindChannels.swift in Sources */,
				F764F1C42C6AF8DB0012A45F /* WhatsappMessageListController.swift in Sources */,
				F7CBBDCD2C5F12AB0039B508 /* WhatsappUpdatesItemModel.swift in Sources */,
				F783F4BA2C65C75F006D6F0A /* WhatsappChatsV2View.swift in Sources */,
				F776BE632C379E8D00BB54C5 /* Item.swift in Sources */,
				F776BE5F2C379E8D00BB54C5 /* WhatsappApp.swift in Sources */,
			);
			runOnlyForDeploymentPostprocessing = 0;
		};
		F776BE692C379E8F00BB54C5 /* Sources */ = {
			isa = PBXSourcesBuildPhase;
			buildActionMask = 2147483647;
			files = (
				F776BE722C379E8F00BB54C5 /* WhatsappTests.swift in Sources */,
			);
			runOnlyForDeploymentPostprocessing = 0;
		};
		F776BE732C379E8F00BB54C5 /* Sources */ = {
			isa = PBXSourcesBuildPhase;
			buildActionMask = 2147483647;
			files = (
				F776BE7E2C379E8F00BB54C5 /* WhatsappUITestsLaunchTests.swift in Sources */,
				F776BE7C2C379E8F00BB54C5 /* WhatsappUITests.swift in Sources */,
			);
			runOnlyForDeploymentPostprocessing = 0;
		};
/* End PBXSourcesBuildPhase section */

/* Begin PBXTargetDependency section */
		F776BE6F2C379E8F00BB54C5 /* PBXTargetDependency */ = {
			isa = PBXTargetDependency;
			target = F776BE5A2C379E8D00BB54C5 /* Whatsapp */;
			targetProxy = F776BE6E2C379E8F00BB54C5 /* PBXContainerItemProxy */;
		};
		F776BE792C379E8F00BB54C5 /* PBXTargetDependency */ = {
			isa = PBXTargetDependency;
			target = F776BE5A2C379E8D00BB54C5 /* Whatsapp */;
			targetProxy = F776BE782C379E8F00BB54C5 /* PBXContainerItemProxy */;
		};
/* End PBXTargetDependency section */

/* Begin XCBuildConfiguration section */
		F776BE7F2C379E8F00BB54C5 /* Debug */ = {
			isa = XCBuildConfiguration;
			buildSettings = {
				ALWAYS_SEARCH_USER_PATHS = NO;
				ASSETCATALOG_COMPILER_GENERATE_SWIFT_ASSET_SYMBOL_EXTENSIONS = YES;
				CLANG_ANALYZER_NONNULL = YES;
				CLANG_ANALYZER_NUMBER_OBJECT_CONVERSION = YES_AGGRESSIVE;
				CLANG_CXX_LANGUAGE_STANDARD = "gnu++20";
				CLANG_ENABLE_MODULES = YES;
				CLANG_ENABLE_OBJC_ARC = YES;
				CLANG_ENABLE_OBJC_WEAK = YES;
				CLANG_WARN_BLOCK_CAPTURE_AUTORELEASING = YES;
				CLANG_WARN_BOOL_CONVERSION = YES;
				CLANG_WARN_COMMA = YES;
				CLANG_WARN_CONSTANT_CONVERSION = YES;
				CLANG_WARN_DEPRECATED_OBJC_IMPLEMENTATIONS = YES;
				CLANG_WARN_DIRECT_OBJC_ISA_USAGE = YES_ERROR;
				CLANG_WARN_DOCUMENTATION_COMMENTS = YES;
				CLANG_WARN_EMPTY_BODY = YES;
				CLANG_WARN_ENUM_CONVERSION = YES;
				CLANG_WARN_INFINITE_RECURSION = YES;
				CLANG_WARN_INT_CONVERSION = YES;
				CLANG_WARN_NON_LITERAL_NULL_CONVERSION = YES;
				CLANG_WARN_OBJC_IMPLICIT_RETAIN_SELF = YES;
				CLANG_WARN_OBJC_LITERAL_CONVERSION = YES;
				CLANG_WARN_OBJC_ROOT_CLASS = YES_ERROR;
				CLANG_WARN_QUOTED_INCLUDE_IN_FRAMEWORK_HEADER = YES;
				CLANG_WARN_RANGE_LOOP_ANALYSIS = YES;
				CLANG_WARN_STRICT_PROTOTYPES = YES;
				CLANG_WARN_SUSPICIOUS_MOVE = YES;
				CLANG_WARN_UNGUARDED_AVAILABILITY = YES_AGGRESSIVE;
				CLANG_WARN_UNREACHABLE_CODE = YES;
				CLANG_WARN__DUPLICATE_METHOD_MATCH = YES;
				COPY_PHASE_STRIP = NO;
				DEBUG_INFORMATION_FORMAT = dwarf;
				ENABLE_STRICT_OBJC_MSGSEND = YES;
				ENABLE_TESTABILITY = YES;
				ENABLE_USER_SCRIPT_SANDBOXING = YES;
				GCC_C_LANGUAGE_STANDARD = gnu17;
				GCC_DYNAMIC_NO_PIC = NO;
				GCC_NO_COMMON_BLOCKS = YES;
				GCC_OPTIMIZATION_LEVEL = 0;
				GCC_PREPROCESSOR_DEFINITIONS = (
					"DEBUG=1",
					"$(inherited)",
				);
				GCC_WARN_64_TO_32_BIT_CONVERSION = YES;
				GCC_WARN_ABOUT_RETURN_TYPE = YES_ERROR;
				GCC_WARN_UNDECLARED_SELECTOR = YES;
				GCC_WARN_UNINITIALIZED_AUTOS = YES_AGGRESSIVE;
				GCC_WARN_UNUSED_FUNCTION = YES;
				GCC_WARN_UNUSED_VARIABLE = YES;
				IPHONEOS_DEPLOYMENT_TARGET = 17.5;
				LOCALIZATION_PREFERS_STRING_CATALOGS = YES;
				MTL_ENABLE_DEBUG_INFO = INCLUDE_SOURCE;
				MTL_FAST_MATH = YES;
				ONLY_ACTIVE_ARCH = YES;
				SDKROOT = iphoneos;
				SWIFT_ACTIVE_COMPILATION_CONDITIONS = "DEBUG $(inherited)";
				SWIFT_OPTIMIZATION_LEVEL = "-Onone";
			};
			name = Debug;
		};
		F776BE802C379E8F00BB54C5 /* Release */ = {
			isa = XCBuildConfiguration;
			buildSettings = {
				ALWAYS_SEARCH_USER_PATHS = NO;
				ASSETCATALOG_COMPILER_GENERATE_SWIFT_ASSET_SYMBOL_EXTENSIONS = YES;
				CLANG_ANALYZER_NONNULL = YES;
				CLANG_ANALYZER_NUMBER_OBJECT_CONVERSION = YES_AGGRESSIVE;
				CLANG_CXX_LANGUAGE_STANDARD = "gnu++20";
				CLANG_ENABLE_MODULES = YES;
				CLANG_ENABLE_OBJC_ARC = YES;
				CLANG_ENABLE_OBJC_WEAK = YES;
				CLANG_WARN_BLOCK_CAPTURE_AUTORELEASING = YES;
				CLANG_WARN_BOOL_CONVERSION = YES;
				CLANG_WARN_COMMA = YES;
				CLANG_WARN_CONSTANT_CONVERSION = YES;
				CLANG_WARN_DEPRECATED_OBJC_IMPLEMENTATIONS = YES;
				CLANG_WARN_DIRECT_OBJC_ISA_USAGE = YES_ERROR;
				CLANG_WARN_DOCUMENTATION_COMMENTS = YES;
				CLANG_WARN_EMPTY_BODY = YES;
				CLANG_WARN_ENUM_CONVERSION = YES;
				CLANG_WARN_INFINITE_RECURSION = YES;
				CLANG_WARN_INT_CONVERSION = YES;
				CLANG_WARN_NON_LITERAL_NULL_CONVERSION = YES;
				CLANG_WARN_OBJC_IMPLICIT_RETAIN_SELF = YES;
				CLANG_WARN_OBJC_LITERAL_CONVERSION = YES;
				CLANG_WARN_OBJC_ROOT_CLASS = YES_ERROR;
				CLANG_WARN_QUOTED_INCLUDE_IN_FRAMEWORK_HEADER = YES;
				CLANG_WARN_RANGE_LOOP_ANALYSIS = YES;
				CLANG_WARN_STRICT_PROTOTYPES = YES;
				CLANG_WARN_SUSPICIOUS_MOVE = YES;
				CLANG_WARN_UNGUARDED_AVAILABILITY = YES_AGGRESSIVE;
				CLANG_WARN_UNREACHABLE_CODE = YES;
				CLANG_WARN__DUPLICATE_METHOD_MATCH = YES;
				COPY_PHASE_STRIP = NO;
				DEBUG_INFORMATION_FORMAT = "dwarf-with-dsym";
				ENABLE_NS_ASSERTIONS = NO;
				ENABLE_STRICT_OBJC_MSGSEND = YES;
				ENABLE_USER_SCRIPT_SANDBOXING = YES;
				GCC_C_LANGUAGE_STANDARD = gnu17;
				GCC_NO_COMMON_BLOCKS = YES;
				GCC_WARN_64_TO_32_BIT_CONVERSION = YES;
				GCC_WARN_ABOUT_RETURN_TYPE = YES_ERROR;
				GCC_WARN_UNDECLARED_SELECTOR = YES;
				GCC_WARN_UNINITIALIZED_AUTOS = YES_AGGRESSIVE;
				GCC_WARN_UNUSED_FUNCTION = YES;
				GCC_WARN_UNUSED_VARIABLE = YES;
				IPHONEOS_DEPLOYMENT_TARGET = 17.5;
				LOCALIZATION_PREFERS_STRING_CATALOGS = YES;
				MTL_ENABLE_DEBUG_INFO = NO;
				MTL_FAST_MATH = YES;
				SDKROOT = iphoneos;
				SWIFT_COMPILATION_MODE = wholemodule;
				VALIDATE_PRODUCT = YES;
			};
			name = Release;
		};
		F776BE822C379E8F00BB54C5 /* Debug */ = {
			isa = XCBuildConfiguration;
			buildSettings = {
				ASSETCATALOG_COMPILER_APPICON_NAME = AppIcon;
				ASSETCATALOG_COMPILER_GLOBAL_ACCENT_COLOR_NAME = AccentColor;
				CODE_SIGN_STYLE = Automatic;
				CURRENT_PROJECT_VERSION = 1;
				DEVELOPMENT_ASSET_PATHS = "\"Whatsapp/Preview Content\"";
				DEVELOPMENT_TEAM = 486ZHD6ZL5;
				ENABLE_PREVIEWS = YES;
				GENERATE_INFOPLIST_FILE = YES;
				INFOPLIST_KEY_NSCameraUsageDescription = "This app uses camera to record video and take photo";
				INFOPLIST_KEY_NSLocalNetworkUsageDescription = "This app wants to use local network access";
				INFOPLIST_KEY_NSMicrophoneUsageDescription = "This app uses microphone to record video and voice notes";
				INFOPLIST_KEY_NSPhotoLibraryUsageDescription = "This app wants to acces your photo library to save media";
				INFOPLIST_KEY_UIApplicationSceneManifest_Generation = YES;
				INFOPLIST_KEY_UIApplicationSupportsIndirectInputEvents = YES;
				INFOPLIST_KEY_UILaunchScreen_Generation = YES;
				INFOPLIST_KEY_UISupportedInterfaceOrientations_iPad = "UIInterfaceOrientationPortrait UIInterfaceOrientationPortraitUpsideDown UIInterfaceOrientationLandscapeLeft UIInterfaceOrientationLandscapeRight";
				INFOPLIST_KEY_UISupportedInterfaceOrientations_iPhone = "UIInterfaceOrientationPortrait UIInterfaceOrientationLandscapeLeft UIInterfaceOrientationLandscapeRight";
				IPHONEOS_DEPLOYMENT_TARGET = 17.5;
				LD_RUNPATH_SEARCH_PATHS = (
					"$(inherited)",
					"@executable_path/Frameworks",
				);
				MARKETING_VERSION = 1.0;
				PRODUCT_BUNDLE_IDENTIFIER = "Radian-Rasyid.Whatsapp";
				PRODUCT_NAME = "$(TARGET_NAME)";
				SWIFT_EMIT_LOC_STRINGS = YES;
				SWIFT_VERSION = 5.0;
				TARGETED_DEVICE_FAMILY = "1,2";
			};
			name = Debug;
		};
		F776BE832C379E8F00BB54C5 /* Release */ = {
			isa = XCBuildConfiguration;
			buildSettings = {
				ASSETCATALOG_COMPILER_APPICON_NAME = AppIcon;
				ASSETCATALOG_COMPILER_GLOBAL_ACCENT_COLOR_NAME = AccentColor;
				CODE_SIGN_STYLE = Automatic;
				CURRENT_PROJECT_VERSION = 1;
				DEVELOPMENT_ASSET_PATHS = "\"Whatsapp/Preview Content\"";
				DEVELOPMENT_TEAM = 486ZHD6ZL5;
				ENABLE_PREVIEWS = YES;
				GENERATE_INFOPLIST_FILE = YES;
				INFOPLIST_KEY_NSCameraUsageDescription = "This app uses camera to record video and take photo";
				INFOPLIST_KEY_NSLocalNetworkUsageDescription = "This app wants to use local network access";
				INFOPLIST_KEY_NSMicrophoneUsageDescription = "This app uses microphone to record video and voice notes";
				INFOPLIST_KEY_NSPhotoLibraryUsageDescription = "This app wants to acces your photo library to save media";
				INFOPLIST_KEY_UIApplicationSceneManifest_Generation = YES;
				INFOPLIST_KEY_UIApplicationSupportsIndirectInputEvents = YES;
				INFOPLIST_KEY_UILaunchScreen_Generation = YES;
				INFOPLIST_KEY_UISupportedInterfaceOrientations_iPad = "UIInterfaceOrientationPortrait UIInterfaceOrientationPortraitUpsideDown UIInterfaceOrientationLandscapeLeft UIInterfaceOrientationLandscapeRight";
				INFOPLIST_KEY_UISupportedInterfaceOrientations_iPhone = "UIInterfaceOrientationPortrait UIInterfaceOrientationLandscapeLeft UIInterfaceOrientationLandscapeRight";
				IPHONEOS_DEPLOYMENT_TARGET = 17.5;
				LD_RUNPATH_SEARCH_PATHS = (
					"$(inherited)",
					"@executable_path/Frameworks",
				);
				MARKETING_VERSION = 1.0;
				PRODUCT_BUNDLE_IDENTIFIER = "Radian-Rasyid.Whatsapp";
				PRODUCT_NAME = "$(TARGET_NAME)";
				SWIFT_EMIT_LOC_STRINGS = YES;
				SWIFT_VERSION = 5.0;
				TARGETED_DEVICE_FAMILY = "1,2";
			};
			name = Release;
		};
		F776BE852C379E8F00BB54C5 /* Debug */ = {
			isa = XCBuildConfiguration;
			buildSettings = {
				ALWAYS_EMBED_SWIFT_STANDARD_LIBRARIES = YES;
				BUNDLE_LOADER = "$(TEST_HOST)";
				CODE_SIGN_STYLE = Automatic;
				CURRENT_PROJECT_VERSION = 1;
				DEVELOPMENT_TEAM = 486ZHD6ZL5;
				GENERATE_INFOPLIST_FILE = YES;
				IPHONEOS_DEPLOYMENT_TARGET = 17.5;
				MARKETING_VERSION = 1.0;
				PRODUCT_BUNDLE_IDENTIFIER = "Radian-Rasyid.WhatsappTests";
				PRODUCT_NAME = "$(TARGET_NAME)";
				SWIFT_EMIT_LOC_STRINGS = NO;
				SWIFT_VERSION = 5.0;
				TARGETED_DEVICE_FAMILY = "1,2";
				TEST_HOST = "$(BUILT_PRODUCTS_DIR)/Whatsapp.app/$(BUNDLE_EXECUTABLE_FOLDER_PATH)/Whatsapp";
			};
			name = Debug;
		};
		F776BE862C379E8F00BB54C5 /* Release */ = {
			isa = XCBuildConfiguration;
			buildSettings = {
				ALWAYS_EMBED_SWIFT_STANDARD_LIBRARIES = YES;
				BUNDLE_LOADER = "$(TEST_HOST)";
				CODE_SIGN_STYLE = Automatic;
				CURRENT_PROJECT_VERSION = 1;
				DEVELOPMENT_TEAM = 486ZHD6ZL5;
				GENERATE_INFOPLIST_FILE = YES;
				IPHONEOS_DEPLOYMENT_TARGET = 17.5;
				MARKETING_VERSION = 1.0;
				PRODUCT_BUNDLE_IDENTIFIER = "Radian-Rasyid.WhatsappTests";
				PRODUCT_NAME = "$(TARGET_NAME)";
				SWIFT_EMIT_LOC_STRINGS = NO;
				SWIFT_VERSION = 5.0;
				TARGETED_DEVICE_FAMILY = "1,2";
				TEST_HOST = "$(BUILT_PRODUCTS_DIR)/Whatsapp.app/$(BUNDLE_EXECUTABLE_FOLDER_PATH)/Whatsapp";
			};
			name = Release;
		};
		F776BE882C379E8F00BB54C5 /* Debug */ = {
			isa = XCBuildConfiguration;
			buildSettings = {
				ALWAYS_EMBED_SWIFT_STANDARD_LIBRARIES = YES;
				CODE_SIGN_STYLE = Automatic;
				CURRENT_PROJECT_VERSION = 1;
				DEVELOPMENT_TEAM = 486ZHD6ZL5;
				GENERATE_INFOPLIST_FILE = YES;
				MARKETING_VERSION = 1.0;
				PRODUCT_BUNDLE_IDENTIFIER = "Radian-Rasyid.WhatsappUITests";
				PRODUCT_NAME = "$(TARGET_NAME)";
				SWIFT_EMIT_LOC_STRINGS = NO;
				SWIFT_VERSION = 5.0;
				TARGETED_DEVICE_FAMILY = "1,2";
				TEST_TARGET_NAME = Whatsapp;
			};
			name = Debug;
		};
		F776BE892C379E8F00BB54C5 /* Release */ = {
			isa = XCBuildConfiguration;
			buildSettings = {
				ALWAYS_EMBED_SWIFT_STANDARD_LIBRARIES = YES;
				CODE_SIGN_STYLE = Automatic;
				CURRENT_PROJECT_VERSION = 1;
				DEVELOPMENT_TEAM = 486ZHD6ZL5;
				GENERATE_INFOPLIST_FILE = YES;
				MARKETING_VERSION = 1.0;
				PRODUCT_BUNDLE_IDENTIFIER = "Radian-Rasyid.WhatsappUITests";
				PRODUCT_NAME = "$(TARGET_NAME)";
				SWIFT_EMIT_LOC_STRINGS = NO;
				SWIFT_VERSION = 5.0;
				TARGETED_DEVICE_FAMILY = "1,2";
				TEST_TARGET_NAME = Whatsapp;
			};
			name = Release;
		};
/* End XCBuildConfiguration section */

/* Begin XCConfigurationList section */
		F776BE562C379E8D00BB54C5 /* Build configuration list for PBXProject "Whatsapp" */ = {
			isa = XCConfigurationList;
			buildConfigurations = (
				F776BE7F2C379E8F00BB54C5 /* Debug */,
				F776BE802C379E8F00BB54C5 /* Release */,
			);
			defaultConfigurationIsVisible = 0;
			defaultConfigurationName = Release;
		};
		F776BE812C379E8F00BB54C5 /* Build configuration list for PBXNativeTarget "Whatsapp" */ = {
			isa = XCConfigurationList;
			buildConfigurations = (
				F776BE822C379E8F00BB54C5 /* Debug */,
				F776BE832C379E8F00BB54C5 /* Release */,
			);
			defaultConfigurationIsVisible = 0;
			defaultConfigurationName = Release;
		};
		F776BE842C379E8F00BB54C5 /* Build configuration list for PBXNativeTarget "WhatsappTests" */ = {
			isa = XCConfigurationList;
			buildConfigurations = (
				F776BE852C379E8F00BB54C5 /* Debug */,
				F776BE862C379E8F00BB54C5 /* Release */,
			);
			defaultConfigurationIsVisible = 0;
			defaultConfigurationName = Release;
		};
		F776BE872C379E8F00BB54C5 /* Build configuration list for PBXNativeTarget "WhatsappUITests" */ = {
			isa = XCConfigurationList;
			buildConfigurations = (
				F776BE882C379E8F00BB54C5 /* Debug */,
				F776BE892C379E8F00BB54C5 /* Release */,
			);
			defaultConfigurationIsVisible = 0;
			defaultConfigurationName = Release;
		};
/* End XCConfigurationList section */
	};
	rootObject = F776BE532C379E8D00BB54C5 /* Project object */;
}
